
Microsoft Visual Studio Solution File, Format Version 12.00
# Visual Studio Version 16
VisualStudioVersion = 16.0.31729.503
MinimumVisualStudioVersion = 10.0.40219.1
Project("{888888A0-9F3D-457C-B088-3A5042F75D52}") = "Hello World", "Hello World.pyproj", "{9F9BBB2A-038B-4B36-8EB4-CA9626B67235}"
EndProject
Global
	GlobalSection(SolutionConfigurationPlatforms) = preSolution
		Debug|Any CPU = Debug|Any CPU
		Release|Any CPU = Release|Any CPU
	EndGlobalSection
	GlobalSection(ProjectConfigurationPlatforms) = postSolution
		{9F9BBB2A-038B-4B36-8EB4-CA9626B67235}.Debug|Any CPU.ActiveCfg = Debug|Any CPU
		{9F9BBB2A-038B-4B36-8EB4-CA9626B67235}.Debug|Any CPU.Build.0 = Debug|Any CPU
		{9F9BBB2A-038B-4B36-8EB4-CA9626B67235}.Release|Any CPU.ActiveCfg = Release|Any CPU
		{9F9BBB2A-038B-4B36-8EB4-CA9626B67235}.Release|Any CPU.Build.0 = Release|Any CPU
	EndGlobalSection
	GlobalSection(SolutionProperties) = preSolution
		HideSolutionNode = FALSE
	EndGlobalSection
	GlobalSection(ExtensibilityGlobals) = postSolution
		SolutionGuid = {A5F35B40-4597-4641-95EB-ACAD406F19B2}
	EndGlobalSection
EndGlobal
